{
    "hash": "ebc48dbbb3e754eb09ad2f0b90daf7c0",
    "packages": [
        {
            "name": "c9s/GetOptionKit",
            "version": "1.2.3",
            "source": {
                "type": "git",
                "url": "https://github.com/c9s/php-GetOptionKit.git",
                "reference": "1.2.3"
            },
            "dist": {
                "type": "zip",
                "url": "https://api.github.com/repos/c9s/php-GetOptionKit/zipball/1.2.3",
                "reference": "1.2.3",
                "shasum": ""
            },
            "require": {
                "php": ">=5.3.0"
            },
            "require-dev": {
                "corneltek/phpunit-testmore": "dev-master"
            },
            "type": "library",
            "autoload": {
                "psr-0": {
                    "GetOptionKit": "src"
                }
            },
            "notification-url": "https://packagist.org/downloads/",
            "license": [
                "MIT"
            ],
            "authors": [
                {
                    "name": "Yo-An Lin",
                    "email": "cornelius.howl@gmail.com",
                    "homepage": "http://c9s.me"
                }
            ],
            "description": "Powerful command-line option toolkit",
            "homepage": "http://github.com/c9s/GetOptionKit",
            "time": "2013-03-28 03:07:51"
        }
    ],
    "packages-dev": null,
    "aliases": [

    ],
    "minimum-stability": "stable",
    "stability-flags": [

    ]
}
